
Microsoft Visual Studio Solution File, Format Version 12.00
# Visual Studio Version 17
VisualStudioVersion = 17.3.32901.215
MinimumVisualStudioVersion = 10.0.40219.1
Project("{8BC9CEB8-8B4A-11D0-8D11-00A0C91BC942}") = "KoreaC", "KoreaC\KoreaC.vcxproj", "{9D50ECAA-C782-4031-8334-709B6AB6EA29}"
EndProject
Project("{8BC9CEB8-8B4A-11D0-8D11-00A0C91BC942}") = "KoreaC1", "KoreaC1\KoreaC1.vcxproj", "{4D5AC8A9-3653-4942-8112-4442E8064B61}"
EndProject
Project("{8BC9CEB8-8B4A-11D0-8D11-00A0C91BC942}") = "KoreaC2", "Review\Review.vcxproj", "{39C3AC42-6F26-4225-A317-65FF0A96C7C2}"
EndProject
Project("{8BC9CEB8-8B4A-11D0-8D11-00A0C91BC942}") = "KoreaC3", "KoreaC3\KoreaC3.vcxproj", "{C6E02F74-30D7-4F39-9FF9-198FE42F49B7}"
EndProject
Project("{8BC9CEB8-8B4A-11D0-8D11-00A0C91BC942}") = "Piano", "Piano\Piano.vcxproj", "{B4EAEFD1-5BE2-440A-A444-1B84232D4018}"
EndProject
Project("{8BC9CEB8-8B4A-11D0-8D11-00A0C91BC942}") = "KoreaC221015", "KoreaC221015\KoreaC221015.vcxproj", "{51AF4A89-563A-4CBA-8BC5-E46279F158F7}"
EndProject
Global
	GlobalSection(SolutionConfigurationPlatforms) = preSolution
		Debug|x64 = Debug|x64
		Debug|x86 = Debug|x86
		Release|x64 = Release|x64
		Release|x86 = Release|x86
	EndGlobalSection
	GlobalSection(ProjectConfigurationPlatforms) = postSolution
		{9D50ECAA-C782-4031-8334-709B6AB6EA29}.Debug|x64.ActiveCfg = Debug|x64
		{9D50ECAA-C782-4031-8334-709B6AB6EA29}.Debug|x64.Build.0 = Debug|x64
		{9D50ECAA-C782-4031-8334-709B6AB6EA29}.Debug|x86.ActiveCfg = Debug|Win32
		{9D50ECAA-C782-4031-8334-709B6AB6EA29}.Debug|x86.Build.0 = Debug|Win32
		{9D50ECAA-C782-4031-8334-709B6AB6EA29}.Release|x64.ActiveCfg = Release|x64
		{9D50ECAA-C782-4031-8334-709B6AB6EA29}.Release|x64.Build.0 = Release|x64
		{9D50ECAA-C782-4031-8334-709B6AB6EA29}.Release|x86.ActiveCfg = Release|Win32
		{9D50ECAA-C782-4031-8334-709B6AB6EA29}.Release|x86.Build.0 = Release|Win32
		{4D5AC8A9-3653-4942-8112-4442E8064B61}.Debug|x64.ActiveCfg = Debug|x64
		{4D5AC8A9-3653-4942-8112-4442E8064B61}.Debug|x64.Build.0 = Debug|x64
		{4D5AC8A9-3653-4942-8112-4442E8064B61}.Debug|x86.ActiveCfg = Debug|Win32
		{4D5AC8A9-3653-4942-8112-4442E8064B61}.Debug|x86.Build.0 = Debug|Win32
		{4D5AC8A9-3653-4942-8112-4442E8064B61}.Release|x64.ActiveCfg = Release|x64
		{4D5AC8A9-3653-4942-8112-4442E8064B61}.Release|x64.Build.0 = Release|x64
		{4D5AC8A9-3653-4942-8112-4442E8064B61}.Release|x86.ActiveCfg = Release|Win32
		{4D5AC8A9-3653-4942-8112-4442E8064B61}.Release|x86.Build.0 = Release|Win32
		{39C3AC42-6F26-4225-A317-65FF0A96C7C2}.Debug|x64.ActiveCfg = Debug|x64
		{39C3AC42-6F26-4225-A317-65FF0A96C7C2}.Debug|x64.Build.0 = Debug|x64
		{39C3AC42-6F26-4225-A317-65FF0A96C7C2}.Debug|x86.ActiveCfg = Debug|Win32
		{39C3AC42-6F26-4225-A317-65FF0A96C7C2}.Debug|x86.Build.0 = Debug|Win32
		{39C3AC42-6F26-4225-A317-65FF0A96C7C2}.Release|x64.ActiveCfg = Release|x64
		{39C3AC42-6F26-4225-A317-65FF0A96C7C2}.Release|x64.Build.0 = Release|x64
		{39C3AC42-6F26-4225-A317-65FF0A96C7C2}.Release|x86.ActiveCfg = Release|Win32
		{39C3AC42-6F26-4225-A317-65FF0A96C7C2}.Release|x86.Build.0 = Release|Win32
		{C6E02F74-30D7-4F39-9FF9-198FE42F49B7}.Debug|x64.ActiveCfg = Debug|x64
		{C6E02F74-30D7-4F39-9FF9-198FE42F49B7}.Debug|x64.Build.0 = Debug|x64
		{C6E02F74-30D7-4F39-9FF9-198FE42F49B7}.Debug|x86.ActiveCfg = Debug|Win32
		{C6E02F74-30D7-4F39-9FF9-198FE42F49B7}.Debug|x86.Build.0 = Debug|Win32
		{C6E02F74-30D7-4F39-9FF9-198FE42F49B7}.Release|x64.ActiveCfg = Release|x64
		{C6E02F74-30D7-4F39-9FF9-198FE42F49B7}.Release|x64.Build.0 = Release|x64
		{C6E02F74-30D7-4F39-9FF9-198FE42F49B7}.Release|x86.ActiveCfg = Release|Win32
		{C6E02F74-30D7-4F39-9FF9-198FE42F49B7}.Release|x86.Build.0 = Release|Win32
		{B4EAEFD1-5BE2-440A-A444-1B84232D4018}.Debug|x64.ActiveCfg = Debug|x64
		{B4EAEFD1-5BE2-440A-A444-1B84232D4018}.Debug|x64.Build.0 = Debug|x64
		{B4EAEFD1-5BE2-440A-A444-1B84232D4018}.Debug|x86.ActiveCfg = Debug|Win32
		{B4EAEFD1-5BE2-440A-A444-1B84232D4018}.Debug|x86.Build.0 = Debug|Win32
		{B4EAEFD1-5BE2-440A-A444-1B84232D4018}.Release|x64.ActiveCfg = Release|x64
		{B4EAEFD1-5BE2-440A-A444-1B84232D4018}.Release|x64.Build.0 = Release|x64
		{B4EAEFD1-5BE2-440A-A444-1B84232D4018}.Release|x86.ActiveCfg = Release|Win32
		{B4EAEFD1-5BE2-440A-A444-1B84232D4018}.Release|x86.Build.0 = Release|Win32
		{51AF4A89-563A-4CBA-8BC5-E46279F158F7}.Debug|x64.ActiveCfg = Debug|x64
		{51AF4A89-563A-4CBA-8BC5-E46279F158F7}.Debug|x64.Build.0 = Debug|x64
		{51AF4A89-563A-4CBA-8BC5-E46279F158F7}.Debug|x86.ActiveCfg = Debug|Win32
		{51AF4A89-563A-4CBA-8BC5-E46279F158F7}.Debug|x86.Build.0 = Debug|Win32
		{51AF4A89-563A-4CBA-8BC5-E46279F158F7}.Release|x64.ActiveCfg = Release|x64
		{51AF4A89-563A-4CBA-8BC5-E46279F158F7}.Release|x64.Build.0 = Release|x64
		{51AF4A89-563A-4CBA-8BC5-E46279F158F7}.Release|x86.ActiveCfg = Release|Win32
		{51AF4A89-563A-4CBA-8BC5-E46279F158F7}.Release|x86.Build.0 = Release|Win32
	EndGlobalSection
	GlobalSection(SolutionProperties) = preSolution
		HideSolutionNode = FALSE
	EndGlobalSection
	GlobalSection(ExtensibilityGlobals) = postSolution
		SolutionGuid = {C960AE05-4739-4BE9-9C2B-86AF7F436342}
	EndGlobalSection
EndGlobal
